{
  "version": "5",
  "specifiers": {
    "npm:@types/node@*": "22.15.15"
  },
  "npm": {
    "@types/node@22.15.15": {
      "integrity": "sha512-R5muMcZob3/Jjchn5LcO8jdKwSCbzqmPB6ruBxMcf9kbxtniZHP327s6C37iOfuw8mbKK3cAQa7sEl7afLrQ8A==",
      "dependencies": [
        "undici-types"
      ]
    },
    "undici-types@6.21.0": {
      "integrity": "sha512-iwDZqg0QAGrg9Rav5H4n0M64c3mkR59cJ6wQp+7C4nI0gsmExaedaYLNO44eT4AtBBwjbTiGPMlt2Md0T9H9JQ=="
    }
  },
  "redirects": {
    "https://esm.sh/@tensorflow-models/toxicity": "https://esm.sh/@tensorflow-models/toxicity@1.2.2",
    "https://esm.sh/@tensorflow/tfjs-converter@^1.3.3?target=denonext": "https://esm.sh/@tensorflow/tfjs-converter@1.7.4?target=denonext",
    "https://esm.sh/@tensorflow/tfjs-core@^1.3.3?target=denonext": "https://esm.sh/@tensorflow/tfjs-core@1.7.4?target=denonext"
  },
  "remote": {
    "https://esm.sh/@tensorflow-models/toxicity@1.2.2": "0412bae68ee4f778be35fc4280b5cd8d0f1ed124a370e60c51e9ab4b222b899f",
    "https://esm.sh/@tensorflow-models/toxicity@1.2.2/denonext/toxicity.mjs": "846a8c8449fdec1b3b1d9896a935bae6b4362a4bc22a91f95fbf29eb3989b61e",
    "https://esm.sh/@tensorflow/tfjs-converter@1.7.4/denonext/tfjs-converter.mjs": "a45869dadf32ae71e5b34f01b91a99417d12f4890feddaf055d1aa241aca9c70",
    "https://esm.sh/@tensorflow/tfjs-converter@1.7.4?target=denonext": "94ee3d0c4ea87b4c995e1b6c0f2308a963486d5b4e279911bcb056d5c3d581b8",
    "https://esm.sh/@tensorflow/tfjs-core@1.7.4/denonext/tfjs-core.mjs": "d2c50775517532592a244830de5450d2fa374b235fa3cad8501b1fac9e049be6",
    "https://esm.sh/@tensorflow/tfjs-core@1.7.4?target=denonext": "2d5167084bccbd6f6d3eaa3c20cb94f3cbfc5d7b0dd59d8edff927a3e6a1ad29"
  }
}
